Microsoft Visual Studio Solution File, Format Version 12.00
# Visual Studio Version 17
VisualStudioVersion = 17.5.2.0
MinimumVisualStudioVersion = 10.0.40219.1
Project("{FAE04EC0-301F-11D3-BF4B-00C04F79EFBC}") = "MvcRoutingApp", "MvcRoutingApp.csproj", "{6151CD3E-BC3B-766A-2A6B-3874DE804C14}"
EndProject
Project("{FAE04EC0-301F-11D3-BF4B-00C04F79EFBC}") = "MvcRoutingApp.Tests", "MvcRoutingApp.Tests\MvcRoutingApp.Tests.csproj", "{B197C01D-7BCC-6CBF-2847-F5FCFECAA317}"
EndProject
Global
	GlobalSection(SolutionConfigurationPlatforms) = preSolution
		Debug|Any CPU = Debug|Any CPU
		Release|Any CPU = Release|Any CPU
	EndGlobalSection
	GlobalSection(ProjectConfigurationPlatforms) = postSolution
		{6151CD3E-BC3B-766A-2A6B-3874DE804C14}.Debug|Any CPU.ActiveCfg = Debug|Any CPU
		{6151CD3E-BC3B-766A-2A6B-3874DE804C14}.Debug|Any CPU.Build.0 = Debug|Any CPU
		{6151CD3E-BC3B-766A-2A6B-3874DE804C14}.Release|Any CPU.ActiveCfg = Release|Any CPU
		{6151CD3E-BC3B-766A-2A6B-3874DE804C14}.Release|Any CPU.Build.0 = Release|Any CPU
		{B197C01D-7BCC-6CBF-2847-F5FCFECAA317}.Debug|Any CPU.ActiveCfg = Debug|Any CPU
		{B197C01D-7BCC-6CBF-2847-F5FCFECAA317}.Debug|Any CPU.Build.0 = Debug|Any CPU
		{B197C01D-7BCC-6CBF-2847-F5FCFECAA317}.Release|Any CPU.ActiveCfg = Release|Any CPU
		{B197C01D-7BCC-6CBF-2847-F5FCFECAA317}.Release|Any CPU.Build.0 = Release|Any CPU
	EndGlobalSection
	GlobalSection(SolutionProperties) = preSolution
		HideSolutionNode = FALSE
	EndGlobalSection
	GlobalSection(ExtensibilityGlobals) = postSolution
		SolutionGuid = {BC4DA79E-4DE9-4F45-A7E8-0633E3C8C21D}
	EndGlobalSection
EndGlobal
