
Microsoft Visual Studio Solution File, Format Version 12.00
# Visual Studio Version 17
VisualStudioVersion = 17.14.36414.22 d17.14
MinimumVisualStudioVersion = 10.0.40219.1
Project("{FAE04EC0-301F-11D3-BF4B-00C04F79EFBC}") = "PayrollManagementSystem", "PayrollManagementSystem\PayrollManagementSystem.csproj", "{695E4325-0723-4751-B4C2-F3AD3C931030}"
EndProject
Global
	GlobalSection(SolutionConfigurationPlatforms) = preSolution
		Debug|Any CPU = Debug|Any CPU
		Release|Any CPU = Release|Any CPU
	EndGlobalSection
	GlobalSection(ProjectConfigurationPlatforms) = postSolution
		{695E4325-0723-4751-B4C2-F3AD3C931030}.Debug|Any CPU.ActiveCfg = Debug|Any CPU
		{695E4325-0723-4751-B4C2-F3AD3C931030}.Debug|Any CPU.Build.0 = Debug|Any CPU
		{695E4325-0723-4751-B4C2-F3AD3C931030}.Release|Any CPU.ActiveCfg = Release|Any CPU
		{695E4325-0723-4751-B4C2-F3AD3C931030}.Release|Any CPU.Build.0 = Release|Any CPU
	EndGlobalSection
	GlobalSection(SolutionProperties) = preSolution
		HideSolutionNode = FALSE
	EndGlobalSection
	GlobalSection(ExtensibilityGlobals) = postSolution
		SolutionGuid = {07E106FE-3C53-4C97-96B4-9F8C31E3131C}
	EndGlobalSection
EndGlobal
