
Microsoft Visual Studio Solution File, Format Version 12.00
# Visual Studio Version 17
VisualStudioVersion = 17.14.36310.24 d17.14
MinimumVisualStudioVersion = 10.0.40219.1
Project("{FAE04EC0-301F-11D3-BF4B-00C04F79EFBC}") = "LibrarySystem", "LibrarySystem\LibrarySystem.csproj", "{98C54FCF-CDD0-4CD8-AEBE-BA8E2EB8596B}"
EndProject
Project("{FAE04EC0-301F-11D3-BF4B-00C04F79EFBC}") = "LibrarySystem.Tests", "LibrarySystem.Tests\LibrarySystem.Tests.csproj", "{E7CE9BBF-CCC3-4ADD-8415-5DDE7488AD35}"
EndProject
Global
	GlobalSection(SolutionConfigurationPlatforms) = preSolution
		Debug|Any CPU = Debug|Any CPU
		Release|Any CPU = Release|Any CPU
	EndGlobalSection
	GlobalSection(ProjectConfigurationPlatforms) = postSolution
		{98C54FCF-CDD0-4CD8-AEBE-BA8E2EB8596B}.Debug|Any CPU.ActiveCfg = Debug|Any CPU
		{98C54FCF-CDD0-4CD8-AEBE-BA8E2EB8596B}.Debug|Any CPU.Build.0 = Debug|Any CPU
		{98C54FCF-CDD0-4CD8-AEBE-BA8E2EB8596B}.Release|Any CPU.ActiveCfg = Release|Any CPU
		{98C54FCF-CDD0-4CD8-AEBE-BA8E2EB8596B}.Release|Any CPU.Build.0 = Release|Any CPU
		{E7CE9BBF-CCC3-4ADD-8415-5DDE7488AD35}.Debug|Any CPU.ActiveCfg = Debug|Any CPU
		{E7CE9BBF-CCC3-4ADD-8415-5DDE7488AD35}.Debug|Any CPU.Build.0 = Debug|Any CPU
		{E7CE9BBF-CCC3-4ADD-8415-5DDE7488AD35}.Release|Any CPU.ActiveCfg = Release|Any CPU
		{E7CE9BBF-CCC3-4ADD-8415-5DDE7488AD35}.Release|Any CPU.Build.0 = Release|Any CPU
	EndGlobalSection
	GlobalSection(SolutionProperties) = preSolution
		HideSolutionNode = FALSE
	EndGlobalSection
	GlobalSection(ExtensibilityGlobals) = postSolution
		SolutionGuid = {72B78244-FBAA-4BBA-8014-CAE109B8F8A3}
	EndGlobalSection
EndGlobal
