
Microsoft Visual Studio Solution File, Format Version 12.00
# Visual Studio Version 17
VisualStudioVersion = 17.14.36414.22 d17.14
MinimumVisualStudioVersion = 10.0.40219.1
Project("{FAE04EC0-301F-11D3-BF4B-00C04F79EFBC}") = "SecureLoginApp", "SecureLoginApp\SecureLoginApp.csproj", "{D9FA9BBD-CFB6-4568-B56E-2647ADADC1BB}"
EndProject
Global
	GlobalSection(SolutionConfigurationPlatforms) = preSolution
		Debug|Any CPU = Debug|Any CPU
		Release|Any CPU = Release|Any CPU
	EndGlobalSection
	GlobalSection(ProjectConfigurationPlatforms) = postSolution
		{D9FA9BBD-CFB6-4568-B56E-2647ADADC1BB}.Debug|Any CPU.ActiveCfg = Debug|Any CPU
		{D9FA9BBD-CFB6-4568-B56E-2647ADADC1BB}.Debug|Any CPU.Build.0 = Debug|Any CPU
		{D9FA9BBD-CFB6-4568-B56E-2647ADADC1BB}.Release|Any CPU.ActiveCfg = Release|Any CPU
		{D9FA9BBD-CFB6-4568-B56E-2647ADADC1BB}.Release|Any CPU.Build.0 = Release|Any CPU
	EndGlobalSection
	GlobalSection(SolutionProperties) = preSolution
		HideSolutionNode = FALSE
	EndGlobalSection
	GlobalSection(ExtensibilityGlobals) = postSolution
		SolutionGuid = {E299A1EC-EC5E-46EF-8658-8435EDEA3A51}
	EndGlobalSection
EndGlobal
