
Microsoft Visual Studio Solution File, Format Version 12.00
# Visual Studio Version 17
VisualStudioVersion = 17.14.36327.8 d17.14
MinimumVisualStudioVersion = 10.0.40219.1
Project("{FAE04EC0-301F-11D3-BF4B-00C04F79EFBC}") = "MyNewApp", "MyNewApp\MyNewApp.csproj", "{9BF7A0A0-4015-49D7-945C-9F475613EAEE}"
EndProject
Global
	GlobalSection(SolutionConfigurationPlatforms) = preSolution
		Debug|Any CPU = Debug|Any CPU
		Release|Any CPU = Release|Any CPU
	EndGlobalSection
	GlobalSection(ProjectConfigurationPlatforms) = postSolution
		{9BF7A0A0-4015-49D7-945C-9F475613EAEE}.Debug|Any CPU.ActiveCfg = Debug|Any CPU
		{9BF7A0A0-4015-49D7-945C-9F475613EAEE}.Debug|Any CPU.Build.0 = Debug|Any CPU
		{9BF7A0A0-4015-49D7-945C-9F475613EAEE}.Release|Any CPU.ActiveCfg = Release|Any CPU
		{9BF7A0A0-4015-49D7-945C-9F475613EAEE}.Release|Any CPU.Build.0 = Release|Any CPU
	EndGlobalSection
	GlobalSection(SolutionProperties) = preSolution
		HideSolutionNode = FALSE
	EndGlobalSection
	GlobalSection(ExtensibilityGlobals) = postSolution
		SolutionGuid = {13D8B86D-C8EB-48EB-8490-6DC632A95A11}
	EndGlobalSection
EndGlobal
