
Microsoft Visual Studio Solution File, Format Version 12.00
# Visual Studio Version 17
VisualStudioVersion = 17.14.36327.8
MinimumVisualStudioVersion = 10.0.40219.1
Project("{FAE04EC0-301F-11D3-BF4B-00C04F79EFBC}") = "SecureUserManagement", "SecureUserManagement\SecureUserManagement.csproj", "{572BAAEE-7684-450B-9D01-363E23390B81}"
EndProject
Project("{FAE04EC0-301F-11D3-BF4B-00C04F79EFBC}") = "SecureUserManagement.Tests", "SecureUserManagement.Tests\SecureUserManagement.Tests.csproj", "{E5931961-982A-4585-B569-D47CB1E271A8}"
EndProject
Global
	GlobalSection(SolutionConfigurationPlatforms) = preSolution
		Debug|Any CPU = Debug|Any CPU
		Release|Any CPU = Release|Any CPU
	EndGlobalSection
	GlobalSection(ProjectConfigurationPlatforms) = postSolution
		{572BAAEE-7684-450B-9D01-363E23390B81}.Debug|Any CPU.ActiveCfg = Debug|Any CPU
		{572BAAEE-7684-450B-9D01-363E23390B81}.Debug|Any CPU.Build.0 = Debug|Any CPU
		{572BAAEE-7684-450B-9D01-363E23390B81}.Release|Any CPU.ActiveCfg = Release|Any CPU
		{572BAAEE-7684-450B-9D01-363E23390B81}.Release|Any CPU.Build.0 = Release|Any CPU
		{E5931961-982A-4585-B569-D47CB1E271A8}.Debug|Any CPU.ActiveCfg = Debug|Any CPU
		{E5931961-982A-4585-B569-D47CB1E271A8}.Debug|Any CPU.Build.0 = Debug|Any CPU
		{E5931961-982A-4585-B569-D47CB1E271A8}.Release|Any CPU.ActiveCfg = Release|Any CPU
		{E5931961-982A-4585-B569-D47CB1E271A8}.Release|Any CPU.Build.0 = Release|Any CPU
	EndGlobalSection
	GlobalSection(SolutionProperties) = preSolution
		HideSolutionNode = FALSE
	EndGlobalSection
	GlobalSection(ExtensibilityGlobals) = postSolution
		SolutionGuid = {43ED3944-824E-4B35-AD0D-9341874E85DC}
	EndGlobalSection
EndGlobal
