
Microsoft Visual Studio Solution File, Format Version 12.00
# Visual Studio Version 17
VisualStudioVersion = 17.14.36414.22 d17.14
MinimumVisualStudioVersion = 10.0.40219.1
Project("{FAE04EC0-301F-11D3-BF4B-00C04F79EFBC}") = "SecureLogin", "SecureLogin\SecureLogin.csproj", "{3A732725-2811-4036-9A93-3CDF3F15862C}"
EndProject
Global
	GlobalSection(SolutionConfigurationPlatforms) = preSolution
		Debug|Any CPU = Debug|Any CPU
		Release|Any CPU = Release|Any CPU
	EndGlobalSection
	GlobalSection(ProjectConfigurationPlatforms) = postSolution
		{3A732725-2811-4036-9A93-3CDF3F15862C}.Debug|Any CPU.ActiveCfg = Debug|Any CPU
		{3A732725-2811-4036-9A93-3CDF3F15862C}.Debug|Any CPU.Build.0 = Debug|Any CPU
		{3A732725-2811-4036-9A93-3CDF3F15862C}.Release|Any CPU.ActiveCfg = Release|Any CPU
		{3A732725-2811-4036-9A93-3CDF3F15862C}.Release|Any CPU.Build.0 = Release|Any CPU
	EndGlobalSection
	GlobalSection(SolutionProperties) = preSolution
		HideSolutionNode = FALSE
	EndGlobalSection
	GlobalSection(ExtensibilityGlobals) = postSolution
		SolutionGuid = {51DF233B-230D-4723-BB42-BB0232F1BD96}
	EndGlobalSection
EndGlobal
