Microsoft Visual Studio Solution File, Format Version 12.00
# Visual Studio Version 17
VisualStudioVersion = 17.5.2.0
MinimumVisualStudioVersion = 10.0.40219.1
Project("{FAE04EC0-301F-11D3-BF4B-00C04F79EFBC}") = "CustomerFeedbackPortal", "CustomerFeedbackPortal.csproj", "{5A7A7702-B6D4-92CC-9D23-521C8FC9AD45}"
EndProject
Global
	GlobalSection(SolutionConfigurationPlatforms) = preSolution
		Debug|Any CPU = Debug|Any CPU
		Release|Any CPU = Release|Any CPU
	EndGlobalSection
	GlobalSection(ProjectConfigurationPlatforms) = postSolution
		{5A7A7702-B6D4-92CC-9D23-521C8FC9AD45}.Debug|Any CPU.ActiveCfg = Debug|Any CPU
		{5A7A7702-B6D4-92CC-9D23-521C8FC9AD45}.Debug|Any CPU.Build.0 = Debug|Any CPU
		{5A7A7702-B6D4-92CC-9D23-521C8FC9AD45}.Release|Any CPU.ActiveCfg = Release|Any CPU
		{5A7A7702-B6D4-92CC-9D23-521C8FC9AD45}.Release|Any CPU.Build.0 = Release|Any CPU
	EndGlobalSection
	GlobalSection(SolutionProperties) = preSolution
		HideSolutionNode = FALSE
	EndGlobalSection
	GlobalSection(ExtensibilityGlobals) = postSolution
		SolutionGuid = {A1686BCF-6A39-4A19-B103-4B6B54E70619}
	EndGlobalSection
EndGlobal
